// !$*UTF8*$!
{
	archiveVersion = 1;
	classes = {
	};
	objectVersion = 77;
	objects = {

/* Begin PBXBuildFile section */
		6C1AB4C42DE7298900405445 /* APIHarborApp.swift in Sources */ = {isa = PBXBuildFile; fileRef = 6C1AB4C32DE7298900405445 /* APIHarborApp.swift */; };
		6C1AB4EC2DE72A2000405445 /* UserView.swift in Sources */ = {isa = PBXBuildFile; fileRef = 6C1AB4EB2DE72A2000405445 /* UserView.swift */; };
		6C1AB4F62DE72B6500405445 /* GRDB in Frameworks */ = {isa = PBXBuildFile; productRef = 6C1AB4F52DE72B6500405445 /* GRDB */; };
		6C1AB4F82DE72B9700405445 /* PublicAPIEntry.swift in Sources */ = {isa = PBXBuildFile; fileRef = 6C1AB4F72DE72B9700405445 /* PublicAPIEntry.swift */; };
		6C1AB4FA2DE72D1C00405445 /* NetworkService.swift in Sources */ = {isa = PBXBuildFile; fileRef = 6C1AB4F92DE72D1C00405445 /* NetworkService.swift */; };
		6C1AB4FC2DE72D8B00405445 /* FavoriteAPI.swift in Sources */ = {isa = PBXBuildFile; fileRef = 6C1AB4FB2DE72D8B00405445 /* FavoriteAPI.swift */; };
		6C1AB4FE2DE72E3300405445 /* DatabaseManager.swift in Sources */ = {isa = PBXBuildFile; fileRef = 6C1AB4FD2DE72E3300405445 /* DatabaseManager.swift */; };
		6C1AB5022DE733F400405445 /* FavoritesViewModel.swift in Sources */ = {isa = PBXBuildFile; fileRef = 6C1AB5012DE733F300405445 /* FavoritesViewModel.swift */; };
		6C1AB5042DE741F200405445 /* APIListViewModel.swift in Sources */ = {isa = PBXBuildFile; fileRef = 6C1AB5032DE741F200405445 /* APIListViewModel.swift */; };
		6C1AB5062DE74A2200405445 /* APIListView.swift in Sources */ = {isa = PBXBuildFile; fileRef = 6C1AB5052DE74A2200405445 /* APIListView.swift */; };
		6C1AB5082DE74A6600405445 /* APIListRowView.swift in Sources */ = {isa = PBXBuildFile; fileRef = 6C1AB5072DE74A6600405445 /* APIListRowView.swift */; };
		6C1AB50A2DE74AA000405445 /* FavoritesListView.swift in Sources */ = {isa = PBXBuildFile; fileRef = 6C1AB5092DE74AA000405445 /* FavoritesListView.swift */; };
/* End PBXBuildFile section */

/* Begin PBXContainerItemProxy section */
		6C1AB4CE2DE7298A00405445 /* PBXContainerItemProxy */ = {
			isa = PBXContainerItemProxy;
			containerPortal = 6C1AB4B82DE7298900405445 /* Project object */;
			proxyType = 1;
			remoteGlobalIDString = 6C1AB4BF2DE7298900405445;
			remoteInfo = APIHarbor;
		};
		6C1AB4D82DE7298A00405445 /* PBXContainerItemProxy */ = {
			isa = PBXContainerItemProxy;
			containerPortal = 6C1AB4B82DE7298900405445 /* Project object */;
			proxyType = 1;
			remoteGlobalIDString = 6C1AB4BF2DE7298900405445;
			remoteInfo = APIHarbor;
		};
/* End PBXContainerItemProxy section */

/* Begin PBXFileReference section */
		6C1AB4C02DE7298900405445 /* APIHarbor.app */ = {isa = PBXFileReference; explicitFileType = wrapper.application; includeInIndex = 0; path = APIHarbor.app; sourceTree = BUILT_PRODUCTS_DIR; };
		6C1AB4C32DE7298900405445 /* APIHarborApp.swift */ = {isa = PBXFileReference; lastKnownFileType = sourcecode.swift; path = APIHarborApp.swift; sourceTree = "<group>"; };
		6C1AB4CD2DE7298A00405445 /* APIHarborTests.xctest */ = {isa = PBXFileReference; explicitFileType = wrapper.cfbundle; includeInIndex = 0; path = APIHarborTests.xctest; sourceTree = BUILT_PRODUCTS_DIR; };
		6C1AB4D72DE7298A00405445 /* APIHarborUITests.xctest */ = {isa = PBXFileReference; explicitFileType = wrapper.cfbundle; includeInIndex = 0; path = APIHarborUITests.xctest; sourceTree = BUILT_PRODUCTS_DIR; };
		6C1AB4EB2DE72A2000405445 /* UserView.swift */ = {isa = PBXFileReference; lastKnownFileType = sourcecode.swift; path = UserView.swift; sourceTree = "<group>"; };
		6C1AB4F72DE72B9700405445 /* PublicAPIEntry.swift */ = {isa = PBXFileReference; lastKnownFileType = sourcecode.swift; path = PublicAPIEntry.swift; sourceTree = "<group>"; };
		6C1AB4F92DE72D1C00405445 /* NetworkService.swift */ = {isa = PBXFileReference; lastKnownFileType = sourcecode.swift; path = NetworkService.swift; sourceTree = "<group>"; };
		6C1AB4FB2DE72D8B00405445 /* FavoriteAPI.swift */ = {isa = PBXFileReference; lastKnownFileType = sourcecode.swift; path = FavoriteAPI.swift; sourceTree = "<group>"; };
		6C1AB4FD2DE72E3300405445 /* DatabaseManager.swift */ = {isa = PBXFileReference; lastKnownFileType = sourcecode.swift; path = DatabaseManager.swift; sourceTree = "<group>"; };
		6C1AB5012DE733F300405445 /* FavoritesViewModel.swift */ = {isa = PBXFileReference; lastKnownFileType = sourcecode.swift; path = FavoritesViewModel.swift; sourceTree = "<group>"; };
		6C1AB5032DE741F200405445 /* APIListViewModel.swift */ = {isa = PBXFileReference; lastKnownFileType = sourcecode.swift; path = APIListViewModel.swift; sourceTree = "<group>"; };
		6C1AB5052DE74A2200405445 /* APIListView.swift */ = {isa = PBXFileReference; lastKnownFileType = sourcecode.swift; path = APIListView.swift; sourceTree = "<group>"; };
		6C1AB5072DE74A6600405445 /* APIListRowView.swift */ = {isa = PBXFileReference; lastKnownFileType = sourcecode.swift; path = APIListRowView.swift; sourceTree = "<group>"; };
		6C1AB5092DE74AA000405445 /* FavoritesListView.swift */ = {isa = PBXFileReference; lastKnownFileType = sourcecode.swift; path = FavoritesListView.swift; sourceTree = "<group>"; };
/* End PBXFileReference section */

/* Begin PBXFileSystemSynchronizedRootGroup section */
		6C1AB4C22DE7298900405445 /* APIHarbor */ = {
			isa = PBXFileSystemSynchronizedRootGroup;
			path = APIHarbor;
			sourceTree = "<group>";
		};
		6C1AB4D02DE7298A00405445 /* APIHarborTests */ = {
			isa = PBXFileSystemSynchronizedRootGroup;
			path = APIHarborTests;
			sourceTree = "<group>";
		};
		6C1AB4DA2DE7298A00405445 /* APIHarborUITests */ = {
			isa = PBXFileSystemSynchronizedRootGroup;
			path = APIHarborUITests;
			sourceTree = "<group>";
		};
/* End PBXFileSystemSynchronizedRootGroup section */

/* Begin PBXFrameworksBuildPhase section */
		6C1AB4BD2DE7298900405445 /* Frameworks */ = {
			isa = PBXFrameworksBuildPhase;
			buildActionMask = 2147483647;
			files = (
				6C1AB4F62DE72B6500405445 /* GRDB in Frameworks */,
			);
			runOnlyForDeploymentPostprocessing = 0;
		};
		6C1AB4CA2DE7298A00405445 /* Frameworks */ = {
			isa = PBXFrameworksBuildPhase;
			buildActionMask = 2147483647;
			files = (
			);
			runOnlyForDeploymentPostprocessing = 0;
		};
		6C1AB4D42DE7298A00405445 /* Frameworks */ = {
			isa = PBXFrameworksBuildPhase;
			buildActionMask = 2147483647;
			files = (
			);
			runOnlyForDeploymentPostprocessing = 0;
		};
/* End PBXFrameworksBuildPhase section */

/* Begin PBXGroup section */
		6C1AB4B72DE7298900405445 = {
			isa = PBXGroup;
			children = (
				6C1AB4F32DE72B1C00405445 /* Persistence */,
				6C1AB4F22DE72B1600405445 /* Network */,
				6C1AB4F12DE72AFA00405445 /* Helpers */,
				6C1AB4EE2DE72A3000405445 /* ViewModels */,
				6C1AB4ED2DE72A2A00405445 /* Models */,
				6C1AB4EA2DE72A0500405445 /* Views */,
				6C1AB4C22DE7298900405445 /* APIHarbor */,
				6C1AB4D02DE7298A00405445 /* APIHarborTests */,
				6C1AB4DA2DE7298A00405445 /* APIHarborUITests */,
				6C1AB4C12DE7298900405445 /* Products */,
			);
			sourceTree = "<group>";
		};
		6C1AB4C12DE7298900405445 /* Products */ = {
			isa = PBXGroup;
			children = (
				6C1AB4C02DE7298900405445 /* APIHarbor.app */,
				6C1AB4CD2DE7298A00405445 /* APIHarborTests.xctest */,
				6C1AB4D72DE7298A00405445 /* APIHarborUITests.xctest */,
			);
			name = Products;
			sourceTree = "<group>";
		};
		6C1AB4EA2DE72A0500405445 /* Views */ = {
			isa = PBXGroup;
			children = (
				6C1AB4EB2DE72A2000405445 /* UserView.swift */,
				6C1AB5052DE74A2200405445 /* APIListView.swift */,
				6C1AB5072DE74A6600405445 /* APIListRowView.swift */,
				6C1AB5092DE74AA000405445 /* FavoritesListView.swift */,
			);
			path = Views;
			sourceTree = "<group>";
		};
		6C1AB4ED2DE72A2A00405445 /* Models */ = {
			isa = PBXGroup;
			children = (
				6C1AB4FB2DE72D8B00405445 /* FavoriteAPI.swift */,
				6C1AB4F72DE72B9700405445 /* PublicAPIEntry.swift */,
			);
			path = Models;
			sourceTree = "<group>";
		};
		6C1AB4EE2DE72A3000405445 /* ViewModels */ = {
			isa = PBXGroup;
			children = (
				6C1AB5012DE733F300405445 /* FavoritesViewModel.swift */,
				6C1AB5032DE741F200405445 /* APIListViewModel.swift */,
			);
			path = ViewModels;
			sourceTree = "<group>";
		};
		6C1AB4F12DE72AFA00405445 /* Helpers */ = {
			isa = PBXGroup;
			children = (
				6C1AB4C32DE7298900405445 /* APIHarborApp.swift */,
			);
			path = Helpers;
			sourceTree = "<group>";
		};
		6C1AB4F22DE72B1600405445 /* Network */ = {
			isa = PBXGroup;
			children = (
				6C1AB4F92DE72D1C00405445 /* NetworkService.swift */,
			);
			path = Network;
			sourceTree = "<group>";
		};
		6C1AB4F32DE72B1C00405445 /* Persistence */ = {
			isa = PBXGroup;
			children = (
				6C1AB4FD2DE72E3300405445 /* DatabaseManager.swift */,
			);
			path = Persistence;
			sourceTree = "<group>";
		};
/* End PBXGroup section */

/* Begin PBXNativeTarget section */
		6C1AB4BF2DE7298900405445 /* APIHarbor */ = {
			isa = PBXNativeTarget;
			buildConfigurationList = 6C1AB4E12DE7298A00405445 /* Build configuration list for PBXNativeTarget "APIHarbor" */;
			buildPhases = (
				6C1AB4BC2DE7298900405445 /* Sources */,
				6C1AB4BD2DE7298900405445 /* Frameworks */,
				6C1AB4BE2DE7298900405445 /* Resources */,
			);
			buildRules = (
			);
			dependencies = (
			);
			fileSystemSynchronizedGroups = (
				6C1AB4C22DE7298900405445 /* APIHarbor */,
			);
			name = APIHarbor;
			packageProductDependencies = (
				6C1AB4F52DE72B6500405445 /* GRDB */,
			);
			productName = APIHarbor;
			productReference = 6C1AB4C02DE7298900405445 /* APIHarbor.app */;
			productType = "com.apple.product-type.application";
		};
		6C1AB4CC2DE7298A00405445 /* APIHarborTests */ = {
			isa = PBXNativeTarget;
			buildConfigurationList = 6C1AB4E42DE7298A00405445 /* Build configuration list for PBXNativeTarget "APIHarborTests" */;
			buildPhases = (
				6C1AB4C92DE7298A00405445 /* Sources */,
				6C1AB4CA2DE7298A00405445 /* Frameworks */,
				6C1AB4CB2DE7298A00405445 /* Resources */,
			);
			buildRules = (
			);
			dependencies = (
				6C1AB4CF2DE7298A00405445 /* PBXTargetDependency */,
			);
			fileSystemSynchronizedGroups = (
				6C1AB4D02DE7298A00405445 /* APIHarborTests */,
			);
			name = APIHarborTests;
			packageProductDependencies = (
			);
			productName = APIHarborTests;
			productReference = 6C1AB4CD2DE7298A00405445 /* APIHarborTests.xctest */;
			productType = "com.apple.product-type.bundle.unit-test";
		};
		6C1AB4D62DE7298A00405445 /* APIHarborUITests */ = {
			isa = PBXNativeTarget;
			buildConfigurationList = 6C1AB4E72DE7298A00405445 /* Build configuration list for PBXNativeTarget "APIHarborUITests" */;
			buildPhases = (
				6C1AB4D32DE7298A00405445 /* Sources */,
				6C1AB4D42DE7298A00405445 /* Frameworks */,
				6C1AB4D52DE7298A00405445 /* Resources */,
			);
			buildRules = (
			);
			dependencies = (
				6C1AB4D92DE7298A00405445 /* PBXTargetDependency */,
			);
			fileSystemSynchronizedGroups = (
				6C1AB4DA2DE7298A00405445 /* APIHarborUITests */,
			);
			name = APIHarborUITests;
			packageProductDependencies = (
			);
			productName = APIHarborUITests;
			productReference = 6C1AB4D72DE7298A00405445 /* APIHarborUITests.xctest */;
			productType = "com.apple.product-type.bundle.ui-testing";
		};
/* End PBXNativeTarget section */

/* Begin PBXProject section */
		6C1AB4B82DE7298900405445 /* Project object */ = {
			isa = PBXProject;
			attributes = {
				BuildIndependentTargetsInParallel = 1;
				LastSwiftUpdateCheck = 1630;
				LastUpgradeCheck = 1630;
				TargetAttributes = {
					6C1AB4BF2DE7298900405445 = {
						CreatedOnToolsVersion = 16.3;
					};
					6C1AB4CC2DE7298A00405445 = {
						CreatedOnToolsVersion = 16.3;
						TestTargetID = 6C1AB4BF2DE7298900405445;
					};
					6C1AB4D62DE7298A00405445 = {
						CreatedOnToolsVersion = 16.3;
						TestTargetID = 6C1AB4BF2DE7298900405445;
					};
				};
			};
			buildConfigurationList = 6C1AB4BB2DE7298900405445 /* Build configuration list for PBXProject "APIHarbor" */;
			developmentRegion = en;
			hasScannedForEncodings = 0;
			knownRegions = (
				en,
				Base,
			);
			mainGroup = 6C1AB4B72DE7298900405445;
			minimizedProjectReferenceProxies = 1;
			packageReferences = (
				6C1AB4F42DE72B6500405445 /* XCRemoteSwiftPackageReference "GRDB.swift" */,
			);
			preferredProjectObjectVersion = 77;
			productRefGroup = 6C1AB4C12DE7298900405445 /* Products */;
			projectDirPath = "";
			projectRoot = "";
			targets = (
				6C1AB4BF2DE7298900405445 /* APIHarbor */,
				6C1AB4CC2DE7298A00405445 /* APIHarborTests */,
				6C1AB4D62DE7298A00405445 /* APIHarborUITests */,
			);
		};
/* End PBXProject section */

/* Begin PBXResourcesBuildPhase section */
		6C1AB4BE2DE7298900405445 /* Resources */ = {
			isa = PBXResourcesBuildPhase;
			buildActionMask = 2147483647;
			files = (
			);
			runOnlyForDeploymentPostprocessing = 0;
		};
		6C1AB4CB2DE7298A00405445 /* Resources */ = {
			isa = PBXResourcesBuildPhase;
			buildActionMask = 2147483647;
			files = (
			);
			runOnlyForDeploymentPostprocessing = 0;
		};
		6C1AB4D52DE7298A00405445 /* Resources */ = {
			isa = PBXResourcesBuildPhase;
			buildActionMask = 2147483647;
			files = (
			);
			runOnlyForDeploymentPostprocessing = 0;
		};
/* End PBXResourcesBuildPhase section */

/* Begin PBXSourcesBuildPhase section */
		6C1AB4BC2DE7298900405445 /* Sources */ = {
			isa = PBXSourcesBuildPhase;
			buildActionMask = 2147483647;
			files = (
				6C1AB5082DE74A6600405445 /* APIListRowView.swift in Sources */,
				6C1AB4C42DE7298900405445 /* APIHarborApp.swift in Sources */,
				6C1AB4EC2DE72A2000405445 /* UserView.swift in Sources */,
				6C1AB5022DE733F400405445 /* FavoritesViewModel.swift in Sources */,
				6C1AB5042DE741F200405445 /* APIListViewModel.swift in Sources */,
				6C1AB5062DE74A2200405445 /* APIListView.swift in Sources */,
				6C1AB50A2DE74AA000405445 /* FavoritesListView.swift in Sources */,
				6C1AB4FE2DE72E3300405445 /* DatabaseManager.swift in Sources */,
				6C1AB4FA2DE72D1C00405445 /* NetworkService.swift in Sources */,
				6C1AB4F82DE72B9700405445 /* PublicAPIEntry.swift in Sources */,
				6C1AB4FC2DE72D8B00405445 /* FavoriteAPI.swift in Sources */,
			);
			runOnlyForDeploymentPostprocessing = 0;
		};
		6C1AB4C92DE7298A00405445 /* Sources */ = {
			isa = PBXSourcesBuildPhase;
			buildActionMask = 2147483647;
			files = (
			);
			runOnlyForDeploymentPostprocessing = 0;
		};
		6C1AB4D32DE7298A00405445 /* Sources */ = {
			isa = PBXSourcesBuildPhase;
			buildActionMask = 2147483647;
			files = (
			);
			runOnlyForDeploymentPostprocessing = 0;
		};
/* End PBXSourcesBuildPhase section */

/* Begin PBXTargetDependency section */
		6C1AB4CF2DE7298A00405445 /* PBXTargetDependency */ = {
			isa = PBXTargetDependency;
			target = 6C1AB4BF2DE7298900405445 /* APIHarbor */;
			targetProxy = 6C1AB4CE2DE7298A00405445 /* PBXContainerItemProxy */;
		};
		6C1AB4D92DE7298A00405445 /* PBXTargetDependency */ = {
			isa = PBXTargetDependency;
			target = 6C1AB4BF2DE7298900405445 /* APIHarbor */;
			targetProxy = 6C1AB4D82DE7298A00405445 /* PBXContainerItemProxy */;
		};
/* End PBXTargetDependency section */

/* Begin XCBuildConfiguration section */
		6C1AB4DF2DE7298A00405445 /* Debug */ = {
			isa = XCBuildConfiguration;
			buildSettings = {
				ALWAYS_SEARCH_USER_PATHS = NO;
				ASSETCATALOG_COMPILER_GENERATE_SWIFT_ASSET_SYMBOL_EXTENSIONS = YES;
				CLANG_ANALYZER_NONNULL = YES;
				CLANG_ANALYZER_NUMBER_OBJECT_CONVERSION = YES_AGGRESSIVE;
				CLANG_CXX_LANGUAGE_STANDARD = "gnu++20";
				CLANG_ENABLE_MODULES = YES;
				CLANG_ENABLE_OBJC_ARC = YES;
				CLANG_ENABLE_OBJC_WEAK = YES;
				CLANG_WARN_BLOCK_CAPTURE_AUTORELEASING = YES;
				CLANG_WARN_BOOL_CONVERSION = YES;
				CLANG_WARN_COMMA = YES;
				CLANG_WARN_CONSTANT_CONVERSION = YES;
				CLANG_WARN_DEPRECATED_OBJC_IMPLEMENTATIONS = YES;
				CLANG_WARN_DIRECT_OBJC_ISA_USAGE = YES_ERROR;
				CLANG_WARN_DOCUMENTATION_COMMENTS = YES;
				CLANG_WARN_EMPTY_BODY = YES;
				CLANG_WARN_ENUM_CONVERSION = YES;
				CLANG_WARN_INFINITE_RECURSION = YES;
				CLANG_WARN_INT_CONVERSION = YES;
				CLANG_WARN_NON_LITERAL_NULL_CONVERSION = YES;
				CLANG_WARN_OBJC_IMPLICIT_RETAIN_SELF = YES;
				CLANG_WARN_OBJC_LITERAL_CONVERSION = YES;
				CLANG_WARN_OBJC_ROOT_CLASS = YES_ERROR;
				CLANG_WARN_QUOTED_INCLUDE_IN_FRAMEWORK_HEADER = YES;
				CLANG_WARN_RANGE_LOOP_ANALYSIS = YES;
				CLANG_WARN_STRICT_PROTOTYPES = YES;
				CLANG_WARN_SUSPICIOUS_MOVE = YES;
				CLANG_WARN_UNGUARDED_AVAILABILITY = YES_AGGRESSIVE;
				CLANG_WARN_UNREACHABLE_CODE = YES;
				CLANG_WARN__DUPLICATE_METHOD_MATCH = YES;
				COPY_PHASE_STRIP = NO;
				DEBUG_INFORMATION_FORMAT = dwarf;
				DEVELOPMENT_TEAM = XFAVB8X6YL;
				ENABLE_STRICT_OBJC_MSGSEND = YES;
				ENABLE_TESTABILITY = YES;
				ENABLE_USER_SCRIPT_SANDBOXING = YES;
				GCC_C_LANGUAGE_STANDARD = gnu17;
				GCC_DYNAMIC_NO_PIC = NO;
				GCC_NO_COMMON_BLOCKS = YES;
				GCC_OPTIMIZATION_LEVEL = 0;
				GCC_PREPROCESSOR_DEFINITIONS = (
					"DEBUG=1",
					"$(inherited)",
				);
				GCC_WARN_64_TO_32_BIT_CONVERSION = YES;
				GCC_WARN_ABOUT_RETURN_TYPE = YES_ERROR;
				GCC_WARN_UNDECLARED_SELECTOR = YES;
				GCC_WARN_UNINITIALIZED_AUTOS = YES_AGGRESSIVE;
				GCC_WARN_UNUSED_FUNCTION = YES;
				GCC_WARN_UNUSED_VARIABLE = YES;
				IPHONEOS_DEPLOYMENT_TARGET = 18.4;
				LOCALIZATION_PREFERS_STRING_CATALOGS = YES;
				MTL_ENABLE_DEBUG_INFO = INCLUDE_SOURCE;
				MTL_FAST_MATH = YES;
				ONLY_ACTIVE_ARCH = YES;
				SDKROOT = iphoneos;
				SWIFT_ACTIVE_COMPILATION_CONDITIONS = "DEBUG $(inherited)";
				SWIFT_OPTIMIZATION_LEVEL = "-Onone";
			};
			name = Debug;
		};
		6C1AB4E02DE7298A00405445 /* Release */ = {
			isa = XCBuildConfiguration;
			buildSettings = {
				ALWAYS_SEARCH_USER_PATHS = NO;
				ASSETCATALOG_COMPILER_GENERATE_SWIFT_ASSET_SYMBOL_EXTENSIONS = YES;
				CLANG_ANALYZER_NONNULL = YES;
				CLANG_ANALYZER_NUMBER_OBJECT_CONVERSION = YES_AGGRESSIVE;
				CLANG_CXX_LANGUAGE_STANDARD = "gnu++20";
				CLANG_ENABLE_MODULES = YES;
				CLANG_ENABLE_OBJC_ARC = YES;
				CLANG_ENABLE_OBJC_WEAK = YES;
				CLANG_WARN_BLOCK_CAPTURE_AUTORELEASING = YES;
				CLANG_WARN_BOOL_CONVERSION = YES;
				CLANG_WARN_COMMA = YES;
				CLANG_WARN_CONSTANT_CONVERSION = YES;
				CLANG_WARN_DEPRECATED_OBJC_IMPLEMENTATIONS = YES;
				CLANG_WARN_DIRECT_OBJC_ISA_USAGE = YES_ERROR;
				CLANG_WARN_DOCUMENTATION_COMMENTS = YES;
				CLANG_WARN_EMPTY_BODY = YES;
				CLANG_WARN_ENUM_CONVERSION = YES;
				CLANG_WARN_INFINITE_RECURSION = YES;
				CLANG_WARN_INT_CONVERSION = YES;
				CLANG_WARN_NON_LITERAL_NULL_CONVERSION = YES;
				CLANG_WARN_OBJC_IMPLICIT_RETAIN_SELF = YES;
				CLANG_WARN_OBJC_LITERAL_CONVERSION = YES;
				CLANG_WARN_OBJC_ROOT_CLASS = YES_ERROR;
				CLANG_WARN_QUOTED_INCLUDE_IN_FRAMEWORK_HEADER = YES;
				CLANG_WARN_RANGE_LOOP_ANALYSIS = YES;
				CLANG_WARN_STRICT_PROTOTYPES = YES;
				CLANG_WARN_SUSPICIOUS_MOVE = YES;
				CLANG_WARN_UNGUARDED_AVAILABILITY = YES_AGGRESSIVE;
				CLANG_WARN_UNREACHABLE_CODE = YES;
				CLANG_WARN__DUPLICATE_METHOD_MATCH = YES;
				COPY_PHASE_STRIP = NO;
				DEBUG_INFORMATION_FORMAT = "dwarf-with-dsym";
				DEVELOPMENT_TEAM = XFAVB8X6YL;
				ENABLE_NS_ASSERTIONS = NO;
				ENABLE_STRICT_OBJC_MSGSEND = YES;
				ENABLE_USER_SCRIPT_SANDBOXING = YES;
				GCC_C_LANGUAGE_STANDARD = gnu17;
				GCC_NO_COMMON_BLOCKS = YES;
				GCC_WARN_64_TO_32_BIT_CONVERSION = YES;
				GCC_WARN_ABOUT_RETURN_TYPE = YES_ERROR;
				GCC_WARN_UNDECLARED_SELECTOR = YES;
				GCC_WARN_UNINITIALIZED_AUTOS = YES_AGGRESSIVE;
				GCC_WARN_UNUSED_FUNCTION = YES;
				GCC_WARN_UNUSED_VARIABLE = YES;
				IPHONEOS_DEPLOYMENT_TARGET = 18.4;
				LOCALIZATION_PREFERS_STRING_CATALOGS = YES;
				MTL_ENABLE_DEBUG_INFO = NO;
				MTL_FAST_MATH = YES;
				SDKROOT = iphoneos;
				SWIFT_COMPILATION_MODE = wholemodule;
				VALIDATE_PRODUCT = YES;
			};
			name = Release;
		};
		6C1AB4E22DE7298A00405445 /* Debug */ = {
			isa = XCBuildConfiguration;
			buildSettings = {
				ASSETCATALOG_COMPILER_APPICON_NAME = AppIcon;
				ASSETCATALOG_COMPILER_GLOBAL_ACCENT_COLOR_NAME = AccentColor;
				CODE_SIGN_STYLE = Automatic;
				CURRENT_PROJECT_VERSION = 1;
				DEVELOPMENT_TEAM = XFAVB8X6YL;
				ENABLE_PREVIEWS = YES;
				GENERATE_INFOPLIST_FILE = YES;
				INFOPLIST_KEY_UIApplicationSceneManifest_Generation = YES;
				INFOPLIST_KEY_UIApplicationSupportsIndirectInputEvents = YES;
				INFOPLIST_KEY_UILaunchScreen_Generation = YES;
				INFOPLIST_KEY_UISupportedInterfaceOrientations_iPad = "UIInterfaceOrientationPortrait UIInterfaceOrientationPortraitUpsideDown UIInterfaceOrientationLandscapeLeft UIInterfaceOrientationLandscapeRight";
				INFOPLIST_KEY_UISupportedInterfaceOrientations_iPhone = "UIInterfaceOrientationPortrait UIInterfaceOrientationLandscapeLeft UIInterfaceOrientationLandscapeRight";
				LD_RUNPATH_SEARCH_PATHS = (
					"$(inherited)",
					"@executable_path/Frameworks",
				);
				MARKETING_VERSION = 1.0;
				PRODUCT_BUNDLE_IDENTIFIER = showcase.job.interview.APIHarbor;
				PRODUCT_NAME = "$(TARGET_NAME)";
				SWIFT_EMIT_LOC_STRINGS = YES;
				SWIFT_VERSION = 5.0;
				TARGETED_DEVICE_FAMILY = "1,2";
			};
			name = Debug;
		};
		6C1AB4E32DE7298A00405445 /* Release */ = {
			isa = XCBuildConfiguration;
			buildSettings = {
				ASSETCATALOG_COMPILER_APPICON_NAME = AppIcon;
				ASSETCATALOG_COMPILER_GLOBAL_ACCENT_COLOR_NAME = AccentColor;
				CODE_SIGN_STYLE = Automatic;
				CURRENT_PROJECT_VERSION = 1;
				DEVELOPMENT_TEAM = XFAVB8X6YL;
				ENABLE_PREVIEWS = YES;
				GENERATE_INFOPLIST_FILE = YES;
				INFOPLIST_KEY_UIApplicationSceneManifest_Generation = YES;
				INFOPLIST_KEY_UIApplicationSupportsIndirectInputEvents = YES;
				INFOPLIST_KEY_UILaunchScreen_Generation = YES;
				INFOPLIST_KEY_UISupportedInterfaceOrientations_iPad = "UIInterfaceOrientationPortrait UIInterfaceOrientationPortraitUpsideDown UIInterfaceOrientationLandscapeLeft UIInterfaceOrientationLandscapeRight";
				INFOPLIST_KEY_UISupportedInterfaceOrientations_iPhone = "UIInterfaceOrientationPortrait UIInterfaceOrientationLandscapeLeft UIInterfaceOrientationLandscapeRight";
				LD_RUNPATH_SEARCH_PATHS = (
					"$(inherited)",
					"@executable_path/Frameworks",
				);
				MARKETING_VERSION = 1.0;
				PRODUCT_BUNDLE_IDENTIFIER = showcase.job.interview.APIHarbor;
				PRODUCT_NAME = "$(TARGET_NAME)";
				SWIFT_EMIT_LOC_STRINGS = YES;
				SWIFT_VERSION = 5.0;
				TARGETED_DEVICE_FAMILY = "1,2";
			};
			name = Release;
		};
		6C1AB4E52DE7298A00405445 /* Debug */ = {
			isa = XCBuildConfiguration;
			buildSettings = {
				BUNDLE_LOADER = "$(TEST_HOST)";
				CODE_SIGN_STYLE = Automatic;
				CURRENT_PROJECT_VERSION = 1;
				DEVELOPMENT_TEAM = XFAVB8X6YL;
				GENERATE_INFOPLIST_FILE = YES;
				IPHONEOS_DEPLOYMENT_TARGET = 18.4;
				MARKETING_VERSION = 1.0;
				PRODUCT_BUNDLE_IDENTIFIER = showcase.job.interview.APIHarborTests;
				PRODUCT_NAME = "$(TARGET_NAME)";
				SWIFT_EMIT_LOC_STRINGS = NO;
				SWIFT_VERSION = 5.0;
				TARGETED_DEVICE_FAMILY = "1,2";
				TEST_HOST = "$(BUILT_PRODUCTS_DIR)/APIHarbor.app/$(BUNDLE_EXECUTABLE_FOLDER_PATH)/APIHarbor";
			};
			name = Debug;
		};
		6C1AB4E62DE7298A00405445 /* Release */ = {
			isa = XCBuildConfiguration;
			buildSettings = {
				BUNDLE_LOADER = "$(TEST_HOST)";
				CODE_SIGN_STYLE = Automatic;
				CURRENT_PROJECT_VERSION = 1;
				DEVELOPMENT_TEAM = XFAVB8X6YL;
				GENERATE_INFOPLIST_FILE = YES;
				IPHONEOS_DEPLOYMENT_TARGET = 18.4;
				MARKETING_VERSION = 1.0;
				PRODUCT_BUNDLE_IDENTIFIER = showcase.job.interview.APIHarborTests;
				PRODUCT_NAME = "$(TARGET_NAME)";
				SWIFT_EMIT_LOC_STRINGS = NO;
				SWIFT_VERSION = 5.0;
				TARGETED_DEVICE_FAMILY = "1,2";
				TEST_HOST = "$(BUILT_PRODUCTS_DIR)/APIHarbor.app/$(BUNDLE_EXECUTABLE_FOLDER_PATH)/APIHarbor";
			};
			name = Release;
		};
		6C1AB4E82DE7298A00405445 /* Debug */ = {
			isa = XCBuildConfiguration;
			buildSettings = {
				CODE_SIGN_STYLE = Automatic;
				CURRENT_PROJECT_VERSION = 1;
				DEVELOPMENT_TEAM = XFAVB8X6YL;
				GENERATE_INFOPLIST_FILE = YES;
				MARKETING_VERSION = 1.0;
				PRODUCT_BUNDLE_IDENTIFIER = showcase.job.interview.APIHarborUITests;
				PRODUCT_NAME = "$(TARGET_NAME)";
				SWIFT_EMIT_LOC_STRINGS = NO;
				SWIFT_VERSION = 5.0;
				TARGETED_DEVICE_FAMILY = "1,2";
				TEST_TARGET_NAME = APIHarbor;
			};
			name = Debug;
		};
		6C1AB4E92DE7298A00405445 /* Release */ = {
			isa = XCBuildConfiguration;
			buildSettings = {
				CODE_SIGN_STYLE = Automatic;
				CURRENT_PROJECT_VERSION = 1;
				DEVELOPMENT_TEAM = XFAVB8X6YL;
				GENERATE_INFOPLIST_FILE = YES;
				MARKETING_VERSION = 1.0;
				PRODUCT_BUNDLE_IDENTIFIER = showcase.job.interview.APIHarborUITests;
				PRODUCT_NAME = "$(TARGET_NAME)";
				SWIFT_EMIT_LOC_STRINGS = NO;
				SWIFT_VERSION = 5.0;
				TARGETED_DEVICE_FAMILY = "1,2";
				TEST_TARGET_NAME = APIHarbor;
			};
			name = Release;
		};
/* End XCBuildConfiguration section */

/* Begin XCConfigurationList section */
		6C1AB4BB2DE7298900405445 /* Build configuration list for PBXProject "APIHarbor" */ = {
			isa = XCConfigurationList;
			buildConfigurations = (
				6C1AB4DF2DE7298A00405445 /* Debug */,
				6C1AB4E02DE7298A00405445 /* Release */,
			);
			defaultConfigurationIsVisible = 0;
			defaultConfigurationName = Release;
		};
		6C1AB4E12DE7298A00405445 /* Build configuration list for PBXNativeTarget "APIHarbor" */ = {
			isa = XCConfigurationList;
			buildConfigurations = (
				6C1AB4E22DE7298A00405445 /* Debug */,
				6C1AB4E32DE7298A00405445 /* Release */,
			);
			defaultConfigurationIsVisible = 0;
			defaultConfigurationName = Release;
		};
		6C1AB4E42DE7298A00405445 /* Build configuration list for PBXNativeTarget "APIHarborTests" */ = {
			isa = XCConfigurationList;
			buildConfigurations = (
				6C1AB4E52DE7298A00405445 /* Debug */,
				6C1AB4E62DE7298A00405445 /* Release */,
			);
			defaultConfigurationIsVisible = 0;
			defaultConfigurationName = Release;
		};
		6C1AB4E72DE7298A00405445 /* Build configuration list for PBXNativeTarget "APIHarborUITests" */ = {
			isa = XCConfigurationList;
			buildConfigurations = (
				6C1AB4E82DE7298A00405445 /* Debug */,
				6C1AB4E92DE7298A00405445 /* Release */,
			);
			defaultConfigurationIsVisible = 0;
			defaultConfigurationName = Release;
		};
/* End XCConfigurationList section */

/* Begin XCRemoteSwiftPackageReference section */
		6C1AB4F42DE72B6500405445 /* XCRemoteSwiftPackageReference "GRDB.swift" */ = {
			isa = XCRemoteSwiftPackageReference;
			repositoryURL = "https://github.com/groue/GRDB.swift.git";
			requirement = {
				branch = master;
				kind = branch;
			};
		};
/* End XCRemoteSwiftPackageReference section */

/* Begin XCSwiftPackageProductDependency section */
		6C1AB4F52DE72B6500405445 /* GRDB */ = {
			isa = XCSwiftPackageProductDependency;
			package = 6C1AB4F42DE72B6500405445 /* XCRemoteSwiftPackageReference "GRDB.swift" */;
			productName = GRDB;
		};
/* End XCSwiftPackageProductDependency section */
	};
	rootObject = 6C1AB4B82DE7298900405445 /* Project object */;
}
